
Microsoft Visual Studio Solution File, Format Version 12.00
# Visual Studio 15
VisualStudioVersion = 15.0.27130.2027
MinimumVisualStudioVersion = 10.0.40219.1
Project("{FAE04EC0-301F-11D3-BF4B-00C04F79EFBC}") = "StarEngine", "StarEngine.csproj", "{FE5E210C-9856-45BD-8505-A352C7B6D299}"
EndProject
Global
	GlobalSection(SolutionConfigurationPlatforms) = preSolution
		Debug|Any CPU = Debug|Any CPU
		Release|Any CPU = Release|Any CPU
	EndGlobalSection
	GlobalSection(ProjectConfigurationPlatforms) = postSolution
		{FE5E210C-9856-45BD-8505-A352C7B6D299}.Debug|Any CPU.ActiveCfg = Debug|Any CPU
		{FE5E210C-9856-45BD-8505-A352C7B6D299}.Debug|Any CPU.Build.0 = Debug|Any CPU
		{FE5E210C-9856-45BD-8505-A352C7B6D299}.Release|Any CPU.ActiveCfg = Release|Any CPU
		{FE5E210C-9856-45BD-8505-A352C7B6D299}.Release|Any CPU.Build.0 = Release|Any CPU
	EndGlobalSection
	GlobalSection(SolutionProperties) = preSolution
		HideSolutionNode = FALSE
	EndGlobalSection
	GlobalSection(ExtensibilityGlobals) = postSolution
		SolutionGuid = {41C6EE41-FAB6-44D9-822D-6AE455ED7CD9}
	EndGlobalSection
EndGlobal
