
Microsoft Visual Studio Solution File, Format Version 12.00
# Visual Studio 15
VisualStudioVersion = 15.0.27130.2027
MinimumVisualStudioVersion = 10.0.40219.1
Project("{FAE04EC0-301F-11D3-BF4B-00C04F79EFBC}") = "StarData", "StarData.csproj", "{2612962F-459F-45F4-B2E8-54619D2D6BD0}"
EndProject
Global
	GlobalSection(SolutionConfigurationPlatforms) = preSolution
		Debug|Any CPU = Debug|Any CPU
		Release|Any CPU = Release|Any CPU
	EndGlobalSection
	GlobalSection(ProjectConfigurationPlatforms) = postSolution
		{2612962F-459F-45F4-B2E8-54619D2D6BD0}.Debug|Any CPU.ActiveCfg = Debug|Any CPU
		{2612962F-459F-45F4-B2E8-54619D2D6BD0}.Debug|Any CPU.Build.0 = Debug|Any CPU
		{2612962F-459F-45F4-B2E8-54619D2D6BD0}.Release|Any CPU.ActiveCfg = Release|Any CPU
		{2612962F-459F-45F4-B2E8-54619D2D6BD0}.Release|Any CPU.Build.0 = Release|Any CPU
	EndGlobalSection
	GlobalSection(SolutionProperties) = preSolution
		HideSolutionNode = FALSE
	EndGlobalSection
	GlobalSection(ExtensibilityGlobals) = postSolution
		SolutionGuid = {5DB42740-CB96-49EF-B375-BB51687B6DB3}
	EndGlobalSection
EndGlobal
